// !$*UTF8*$!
{
	archiveVersion = 1;
	classes = {
	};
	objectVersion = 50;
	objects = {

/* Begin PBXBuildFile section */
		FAC05B63217CAED9002B5923 /* AppDelegate.swift in Sources */ = {isa = PBXBuildFile; fileRef = FAC05B62217CAED9002B5923 /* AppDelegate.swift */; };
		FAC05B65217CAED9002B5923 /* ViewController.swift in Sources */ = {isa = PBXBuildFile; fileRef = FAC05B64217CAED9002B5923 /* ViewController.swift */; };
		FAC05B68217CAED9002B5923 /* Main.storyboard in Resources */ = {isa = PBXBuildFile; fileRef = FAC05B66217CAED9002B5923 /* Main.storyboard */; };
		FAC05B6A217CAEDD002B5923 /* Assets.xcassets in Resources */ = {isa = PBXBuildFile; fileRef = FAC05B69217CAEDD002B5923 /* Assets.xcassets */; };
		FAC05B6D217CAEDD002B5923 /* LaunchScreen.storyboard in Resources */ = {isa = PBXBuildFile; fileRef = FAC05B6B217CAEDD002B5923 /* LaunchScreen.storyboard */; };
		FAC05B75217CAF3E002B5923 /* MyView.swift in Sources */ = {isa = PBXBuildFile; fileRef = FAC05B74217CAF3E002B5923 /* MyView.swift */; };
/* End PBXBuildFile section */

/* Begin PBXFileReference section */
		FAC05B5F217CAED9002B5923 /* IOS10DraggingViewsTutorial.app */ = {isa = PBXFileReference; explicitFileType = wrapper.application; includeInIndex = 0; path = IOS10DraggingViewsTutorial.app; sourceTree = BUILT_PRODUCTS_DIR; };
		FAC05B62217CAED9002B5923 /* AppDelegate.swift */ = {isa = PBXFileReference; lastKnownFileType = sourcecode.swift; path = AppDelegate.swift; sourceTree = "<group>"; };
		FAC05B64217CAED9002B5923 /* ViewController.swift */ = {isa = PBXFileReference; lastKnownFileType = sourcecode.swift; path = ViewController.swift; sourceTree = "<group>"; };
		FAC05B67217CAED9002B5923 /* Base */ = {isa = PBXFileReference; lastKnownFileType = file.storyboard; name = Base; path = Base.lproj/Main.storyboard; sourceTree = "<group>"; };
		FAC05B69217CAEDD002B5923 /* Assets.xcassets */ = {isa = PBXFileReference; lastKnownFileType = folder.assetcatalog; path = Assets.xcassets; sourceTree = "<group>"; };
		FAC05B6C217CAEDD002B5923 /* Base */ = {isa = PBXFileReference; lastKnownFileType = file.storyboard; name = Base; path = Base.lproj/LaunchScreen.storyboard; sourceTree = "<group>"; };
		FAC05B6E217CAEDD002B5923 /* Info.plist */ = {isa = PBXFileReference; lastKnownFileType = text.plist.xml; path = Info.plist; sourceTree = "<group>"; };
		FAC05B74217CAF3E002B5923 /* MyView.swift */ = {isa = PBXFileReference; lastKnownFileType = sourcecode.swift; path = MyView.swift; sourceTree = "<group>"; };
/* End PBXFileReference section */

/* Begin PBXFrameworksBuildPhase section */
		FAC05B5C217CAED9002B5923 /* Frameworks */ = {
			isa = PBXFrameworksBuildPhase;
			buildActionMask = 2147483647;
			files = (
			);
			runOnlyForDeploymentPostprocessing = 0;
		};
/* End PBXFrameworksBuildPhase section */

/* Begin PBXGroup section */
		FAC05B56217CAED9002B5923 = {
			isa = PBXGroup;
			children = (
				FAC05B61217CAED9002B5923 /* IOS10DraggingViewsTutorial */,
				FAC05B60217CAED9002B5923 /* Products */,
			);
			sourceTree = "<group>";
		};
		FAC05B60217CAED9002B5923 /* Products */ = {
			isa = PBXGroup;
			children = (
				FAC05B5F217CAED9002B5923 /* IOS10DraggingViewsTutorial.app */,
			);
			name = Products;
			sourceTree = "<group>";
		};
		FAC05B61217CAED9002B5923 /* IOS10DraggingViewsTutorial */ = {
			isa = PBXGroup;
			children = (
				FAC05B62217CAED9002B5923 /* AppDelegate.swift */,
				FAC05B64217CAED9002B5923 /* ViewController.swift */,
				FAC05B74217CAF3E002B5923 /* MyView.swift */,
				FAC05B66217CAED9002B5923 /* Main.storyboard */,
				FAC05B69217CAEDD002B5923 /* Assets.xcassets */,
				FAC05B6B217CAEDD002B5923 /* LaunchScreen.storyboard */,
				FAC05B6E217CAEDD002B5923 /* Info.plist */,
			);
			path = IOS10DraggingViewsTutorial;
			sourceTree = "<group>";
		};
/* End PBXGroup section */

/* Begin PBXNativeTarget section */
		FAC05B5E217CAED9002B5923 /* IOS10DraggingViewsTutorial */ = {
			isa = PBXNativeTarget;
			buildConfigurationList = FAC05B71217CAEDD002B5923 /* Build configuration list for PBXNativeTarget "IOS10DraggingViewsTutorial" */;
			buildPhases = (
				FAC05B5B217CAED9002B5923 /* Sources */,
				FAC05B5C217CAED9002B5923 /* Frameworks */,
				FAC05B5D217CAED9002B5923 /* Resources */,
			);
			buildRules = (
			);
			dependencies = (
			);
			name = IOS10DraggingViewsTutorial;
			productName = IOS10DraggingViewsTutorial;
			productReference = FAC05B5F217CAED9002B5923 /* IOS10DraggingViewsTutorial.app */;
			productType = "com.apple.product-type.application";
		};
/* End PBXNativeTarget section */

/* Begin PBXProject section */
		FAC05B57217CAED9002B5923 /* Project object */ = {
			isa = PBXProject;
			attributes = {
				LastSwiftUpdateCheck = 0930;
				LastUpgradeCheck = 0930;
				ORGANIZATIONNAME = fengxiaoyang;
				TargetAttributes = {
					FAC05B5E217CAED9002B5923 = {
						CreatedOnToolsVersion = 9.3.1;
					};
				};
			};
			buildConfigurationList = FAC05B5A217CAED9002B5923 /* Build configuration list for PBXProject "IOS10DraggingViewsTutorial" */;
			compatibilityVersion = "Xcode 9.3";
			developmentRegion = en;
			hasScannedForEncodings = 0;
			knownRegions = (
				en,
				Base,
			);
			mainGroup = FAC05B56217CAED9002B5923;
			productRefGroup = FAC05B60217CAED9002B5923 /* Products */;
			projectDirPath = "";
			projectRoot = "";
			targets = (
				FAC05B5E217CAED9002B5923 /* IOS10DraggingViewsTutorial */,
			);
		};
/* End PBXProject section */

/* Begin PBXResourcesBuildPhase section */
		FAC05B5D217CAED9002B5923 /* Resources */ = {
			isa = PBXResourcesBuildPhase;
			buildActionMask = 2147483647;
			files = (
				FAC05B6D217CAEDD002B5923 /* LaunchScreen.storyboard in Resources */,
				FAC05B6A217CAEDD002B5923 /* Assets.xcassets in Resources */,
				FAC05B68217CAED9002B5923 /* Main.storyboard in Resources */,
			);
			runOnlyForDeploymentPostprocessing = 0;
		};
/* End PBXResourcesBuildPhase section */

/* Begin PBXSourcesBuildPhase section */
		FAC05B5B217CAED9002B5923 /* Sources */ = {
			isa = PBXSourcesBuildPhase;
			buildActionMask = 2147483647;
			files = (
				FAC05B75217CAF3E002B5923 /* MyView.swift in Sources */,
				FAC05B65217CAED9002B5923 /* ViewController.swift in Sources */,
				FAC05B63217CAED9002B5923 /* AppDelegate.swift in Sources */,
			);
			runOnlyForDeploymentPostprocessing = 0;
		};
/* End PBXSourcesBuildPhase section */

/* Begin PBXVariantGroup section */
		FAC05B66217CAED9002B5923 /* Main.storyboard */ = {
			isa = PBXVariantGroup;
			children = (
				FAC05B67217CAED9002B5923 /* Base */,
			);
			name = Main.storyboard;
			sourceTree = "<group>";
		};
		FAC05B6B217CAEDD002B5923 /* LaunchScreen.storyboard */ = {
			isa = PBXVariantGroup;
			children = (
				FAC05B6C217CAEDD002B5923 /* Base */,
			);
			name = LaunchScreen.storyboard;
			sourceTree = "<group>";
		};
/* End PBXVariantGroup section */

/* Begin XCBuildConfiguration section */
		FAC05B6F217CAEDD002B5923 /* Debug */ = {
			isa = XCBuildConfiguration;
			buildSettings = {
				ALWAYS_SEARCH_USER_PATHS = NO;
				CLANG_ANALYZER_NONNULL = YES;
				CLANG_ANALYZER_NUMBER_OBJECT_CONVERSION = YES_AGGRESSIVE;
				CLANG_CXX_LANGUAGE_STANDARD = "gnu++14";
				CLANG_CXX_LIBRARY = "libc++";
				CLANG_ENABLE_MODULES = YES;
				CLANG_ENABLE_OBJC_ARC = YES;
				CLANG_ENABLE_OBJC_WEAK = YES;
				CLANG_WARN_BLOCK_CAPTURE_AUTORELEASING = YES;
				CLANG_WARN_BOOL_CONVERSION = YES;
				CLANG_WARN_COMMA = YES;
				CLANG_WARN_CONSTANT_CONVERSION = YES;
				CLANG_WARN_DEPRECATED_OBJC_IMPLEMENTATIONS = YES;
				CLANG_WARN_DIRECT_OBJC_ISA_USAGE = YES_ERROR;
				CLANG_WARN_DOCUMENTATION_COMMENTS = YES;
				CLANG_WARN_EMPTY_BODY = YES;
				CLANG_WARN_ENUM_CONVERSION = YES;
				CLANG_WARN_INFINITE_RECURSION = YES;
				CLANG_WARN_INT_CONVERSION = YES;
				CLANG_WARN_NON_LITERAL_NULL_CONVERSION = YES;
				CLANG_WARN_OBJC_IMPLICIT_RETAIN_SELF = YES;
				CLANG_WARN_OBJC_LITERAL_CONVERSION = YES;
				CLANG_WARN_OBJC_ROOT_CLASS = YES_ERROR;
				CLANG_WARN_RANGE_LOOP_ANALYSIS = YES;
				CLANG_WARN_STRICT_PROTOTYPES = YES;
				CLANG_WARN_SUSPICIOUS_MOVE = YES;
				CLANG_WARN_UNGUARDED_AVAILABILITY = YES_AGGRESSIVE;
				CLANG_WARN_UNREACHABLE_CODE = YES;
				CLANG_WARN__DUPLICATE_METHOD_MATCH = YES;
				CODE_SIGN_IDENTITY = "iPhone Developer";
				COPY_PHASE_STRIP = NO;
				DEBUG_INFORMATION_FORMAT = dwarf;
				ENABLE_STRICT_OBJC_MSGSEND = YES;
				ENABLE_TESTABILITY = YES;
				GCC_C_LANGUAGE_STANDARD = gnu11;
				GCC_DYNAMIC_NO_PIC = NO;
				GCC_NO_COMMON_BLOCKS = YES;
				GCC_OPTIMIZATION_LEVEL = 0;
				GCC_PREPROCESSOR_DEFINITIONS = (
					"DEBUG=1",
					"$(inherited)",
				);
				GCC_WARN_64_TO_32_BIT_CONVERSION = YES;
				GCC_WARN_ABOUT_RETURN_TYPE = YES_ERROR;
				GCC_WARN_UNDECLARED_SELECTOR = YES;
				GCC_WARN_UNINITIALIZED_AUTOS = YES_AGGRESSIVE;
				GCC_WARN_UNUSED_FUNCTION = YES;
				GCC_WARN_UNUSED_VARIABLE = YES;
				IPHONEOS_DEPLOYMENT_TARGET = 11.3;
				MTL_ENABLE_DEBUG_INFO = YES;
				ONLY_ACTIVE_ARCH = YES;
				SDKROOT = iphoneos;
				SWIFT_ACTIVE_COMPILATION_CONDITIONS = DEBUG;
				SWIFT_OPTIMIZATION_LEVEL = "-Onone";
			};
			name = Debug;
		};
		FAC05B70217CAEDD002B5923 /* Release */ = {
			isa = XCBuildConfiguration;
			buildSettings = {
				ALWAYS_SEARCH_USER_PATHS = NO;
				CLANG_ANALYZER_NONNULL = YES;
				CLANG_ANALYZER_NUMBER_OBJECT_CONVERSION = YES_AGGRESSIVE;
				CLANG_CXX_LANGUAGE_STANDARD = "gnu++14";
				CLANG_CXX_LIBRARY = "libc++";
				CLANG_ENABLE_MODULES = YES;
				CLANG_ENABLE_OBJC_ARC = YES;
				CLANG_ENABLE_OBJC_WEAK = YES;
				CLANG_WARN_BLOCK_CAPTURE_AUTORELEASING = YES;
				CLANG_WARN_BOOL_CONVERSION = YES;
				CLANG_WARN_COMMA = YES;
				CLANG_WARN_CONSTANT_CONVERSION = YES;
				CLANG_WARN_DEPRECATED_OBJC_IMPLEMENTATIONS = YES;
				CLANG_WARN_DIRECT_OBJC_ISA_USAGE = YES_ERROR;
				CLANG_WARN_DOCUMENTATION_COMMENTS = YES;
				CLANG_WARN_EMPTY_BODY = YES;
				CLANG_WARN_ENUM_CONVERSION = YES;
				CLANG_WARN_INFINITE_RECURSION = YES;
				CLANG_WARN_INT_CONVERSION = YES;
				CLANG_WARN_NON_LITERAL_NULL_CONVERSION = YES;
				CLANG_WARN_OBJC_IMPLICIT_RETAIN_SELF = YES;
				CLANG_WARN_OBJC_LITERAL_CONVERSION = YES;
				CLANG_WARN_OBJC_ROOT_CLASS = YES_ERROR;
				CLANG_WARN_RANGE_LOOP_ANALYSIS = YES;
				CLANG_WARN_STRICT_PROTOTYPES = YES;
				CLANG_WARN_SUSPICIOUS_MOVE = YES;
				CLANG_WARN_UNGUARDED_AVAILABILITY = YES_AGGRESSIVE;
				CLANG_WARN_UNREACHABLE_CODE = YES;
				CLANG_WARN__DUPLICATE_METHOD_MATCH = YES;
				CODE_SIGN_IDENTITY = "iPhone Developer";
				COPY_PHASE_STRIP = NO;
				DEBUG_INFORMATION_FORMAT = "dwarf-with-dsym";
				ENABLE_NS_ASSERTIONS = NO;
				ENABLE_STRICT_OBJC_MSGSEND = YES;
				GCC_C_LANGUAGE_STANDARD = gnu11;
				GCC_NO_COMMON_BLOCKS = YES;
				GCC_WARN_64_TO_32_BIT_CONVERSION = YES;
				GCC_WARN_ABOUT_RETURN_TYPE = YES_ERROR;
				GCC_WARN_UNDECLARED_SELECTOR = YES;
				GCC_WARN_UNINITIALIZED_AUTOS = YES_AGGRESSIVE;
				GCC_WARN_UNUSED_FUNCTION = YES;
				GCC_WARN_UNUSED_VARIABLE = YES;
				IPHONEOS_DEPLOYMENT_TARGET = 11.3;
				MTL_ENABLE_DEBUG_INFO = NO;
				SDKROOT = iphoneos;
				SWIFT_COMPILATION_MODE = wholemodule;
				SWIFT_OPTIMIZATION_LEVEL = "-O";
				VALIDATE_PRODUCT = YES;
			};
			name = Release;
		};
		FAC05B72217CAEDD002B5923 /* Debug */ = {
			isa = XCBuildConfiguration;
			buildSettings = {
				ASSETCATALOG_COMPILER_APPICON_NAME = AppIcon;
				CODE_SIGN_STYLE = Automatic;
				INFOPLIST_FILE = IOS10DraggingViewsTutorial/Info.plist;
				LD_RUNPATH_SEARCH_PATHS = (
					"$(inherited)",
					"@executable_path/Frameworks",
				);
				PRODUCT_BUNDLE_IDENTIFIER = com.fengxiaoyang.IOS10DraggingViewsTutorial;
				PRODUCT_NAME = "$(TARGET_NAME)";
				SWIFT_VERSION = 4.0;
				TARGETED_DEVICE_FAMILY = "1,2";
			};
			name = Debug;
		};
		FAC05B73217CAEDD002B5923 /* Release */ = {
			isa = XCBuildConfiguration;
			buildSettings = {
				ASSETCATALOG_COMPILER_APPICON_NAME = AppIcon;
				CODE_SIGN_STYLE = Automatic;
				INFOPLIST_FILE = IOS10DraggingViewsTutorial/Info.plist;
				LD_RUNPATH_SEARCH_PATHS = (
					"$(inherited)",
					"@executable_path/Frameworks",
				);
				PRODUCT_BUNDLE_IDENTIFIER = com.fengxiaoyang.IOS10DraggingViewsTutorial;
				PRODUCT_NAME = "$(TARGET_NAME)";
				SWIFT_VERSION = 4.0;
				TARGETED_DEVICE_FAMILY = "1,2";
			};
			name = Release;
		};
/* End XCBuildConfiguration section */

/* Begin XCConfigurationList section */
		FAC05B5A217CAED9002B5923 /* Build configuration list for PBXProject "IOS10DraggingViewsTutorial" */ = {
			isa = XCConfigurationList;
			buildConfigurations = (
				FAC05B6F217CAEDD002B5923 /* Debug */,
				FAC05B70217CAEDD002B5923 /* Release */,
			);
			defaultConfigurationIsVisible = 0;
			defaultConfigurationName = Release;
		};
		FAC05B71217CAEDD002B5923 /* Build configuration list for PBXNativeTarget "IOS10DraggingViewsTutorial" */ = {
			isa = XCConfigurationList;
			buildConfigurations = (
				FAC05B72217CAEDD002B5923 /* Debug */,
				FAC05B73217CAEDD002B5923 /* Release */,
			);
			defaultConfigurationIsVisible = 0;
			defaultConfigurationName = Release;
		};
/* End XCConfigurationList section */
	};
	rootObject = FAC05B57217CAED9002B5923 /* Project object */;
}
